
Microsoft Visual Studio Solution File, Format Version 12.00
# Visual Studio Version 17
VisualStudioVersion = 17.9.34714.143
MinimumVisualStudioVersion = 10.0.40219.1
Project("{FAE04EC0-301F-11D3-BF4B-00C04F79EFBC}") = "PruebaRepo", "PruebaRepo\PruebaRepo.csproj", "{CE1E2531-95C2-4915-B52C-BEB006F0970D}"
EndProject
Project("{FAE04EC0-301F-11D3-BF4B-00C04F79EFBC}") = "RepoTest", "RepoTest\RepoTest.csproj", "{942C1BAD-B607-4BBB-A4D1-A6FDF20B4211}"
EndProject
Global
	GlobalSection(SolutionConfigurationPlatforms) = preSolution
		Debug|Any CPU = Debug|Any CPU
		Release|Any CPU = Release|Any CPU
	EndGlobalSection
	GlobalSection(ProjectConfigurationPlatforms) = postSolution
		{CE1E2531-95C2-4915-B52C-BEB006F0970D}.Debug|Any CPU.ActiveCfg = Debug|Any CPU
		{CE1E2531-95C2-4915-B52C-BEB006F0970D}.Debug|Any CPU.Build.0 = Debug|Any CPU
		{CE1E2531-95C2-4915-B52C-BEB006F0970D}.Release|Any CPU.ActiveCfg = Release|Any CPU
		{CE1E2531-95C2-4915-B52C-BEB006F0970D}.Release|Any CPU.Build.0 = Release|Any CPU
		{942C1BAD-B607-4BBB-A4D1-A6FDF20B4211}.Debug|Any CPU.ActiveCfg = Debug|Any CPU
		{942C1BAD-B607-4BBB-A4D1-A6FDF20B4211}.Debug|Any CPU.Build.0 = Debug|Any CPU
		{942C1BAD-B607-4BBB-A4D1-A6FDF20B4211}.Release|Any CPU.ActiveCfg = Release|Any CPU
		{942C1BAD-B607-4BBB-A4D1-A6FDF20B4211}.Release|Any CPU.Build.0 = Release|Any CPU
	EndGlobalSection
	GlobalSection(SolutionProperties) = preSolution
		HideSolutionNode = FALSE
	EndGlobalSection
	GlobalSection(ExtensibilityGlobals) = postSolution
		SolutionGuid = {6780FB23-EF9D-47CB-A3ED-9C22DA1D07FA}
	EndGlobalSection
EndGlobal
